
Microsoft Visual Studio Solution File, Format Version 12.00
# Visual Studio Version 17
VisualStudioVersion = 17.11.35327.3
MinimumVisualStudioVersion = 10.0.40219.1
Project("{FAE04EC0-301F-11D3-BF4B-00C04F79EFBC}") = "TransportationMap", "TransportationMap\TransportationMap.csproj", "{BEF0BFBA-0A59-428F-A810-A437DD09BE52}"
EndProject
Global
	GlobalSection(SolutionConfigurationPlatforms) = preSolution
		Debug|Any CPU = Debug|Any CPU
		Release|Any CPU = Release|Any CPU
	EndGlobalSection
	GlobalSection(ProjectConfigurationPlatforms) = postSolution
		{BEF0BFBA-0A59-428F-A810-A437DD09BE52}.Debug|Any CPU.ActiveCfg = Debug|Any CPU
		{BEF0BFBA-0A59-428F-A810-A437DD09BE52}.Debug|Any CPU.Build.0 = Debug|Any CPU
		{BEF0BFBA-0A59-428F-A810-A437DD09BE52}.Release|Any CPU.ActiveCfg = Release|Any CPU
		{BEF0BFBA-0A59-428F-A810-A437DD09BE52}.Release|Any CPU.Build.0 = Release|Any CPU
	EndGlobalSection
	GlobalSection(SolutionProperties) = preSolution
		HideSolutionNode = FALSE
	EndGlobalSection
	GlobalSection(ExtensibilityGlobals) = postSolution
		SolutionGuid = {A9234DBB-2C2C-4301-8457-711988354F37}
	EndGlobalSection
EndGlobal
